// !$*UTF8*$!
{
	archiveVersion = 1;
	classes = {
	};
	objectVersion = 46;
	objects = {

/* Begin PBXBuildFile section */
		CDA1831419478B100011F079 /* RFFEAnalyzer.cpp in Sources */ = {isa = PBXBuildFile; fileRef = CDA1830A19478B100011F079 /* RFFEAnalyzer.cpp */; };
		CDA1831519478B100011F079 /* RFFEAnalyzer.h in Headers */ = {isa = PBXBuildFile; fileRef = CDA1830B19478B100011F079 /* RFFEAnalyzer.h */; };
		CDA1831619478B100011F079 /* RFFEAnalyzerResults.cpp in Sources */ = {isa = PBXBuildFile; fileRef = CDA1830C19478B100011F079 /* RFFEAnalyzerResults.cpp */; };
		CDA1831719478B100011F079 /* RFFEAnalyzerResults.h in Headers */ = {isa = PBXBuildFile; fileRef = CDA1830D19478B100011F079 /* RFFEAnalyzerResults.h */; };
		CDA1831819478B100011F079 /* RFFEAnalyzerSettings.cpp in Sources */ = {isa = PBXBuildFile; fileRef = CDA1830E19478B100011F079 /* RFFEAnalyzerSettings.cpp */; };
		CDA1831919478B100011F079 /* RFFEAnalyzerSettings.h in Headers */ = {isa = PBXBuildFile; fileRef = CDA1830F19478B100011F079 /* RFFEAnalyzerSettings.h */; };
		CDA1831A19478B100011F079 /* RFFESimulationDataGenerator.cpp in Sources */ = {isa = PBXBuildFile; fileRef = CDA1831019478B100011F079 /* RFFESimulationDataGenerator.cpp */; };
		CDA1831B19478B100011F079 /* RFFESimulationDataGenerator.h in Headers */ = {isa = PBXBuildFile; fileRef = CDA1831119478B100011F079 /* RFFESimulationDataGenerator.h */; };
		CDA1831C19478B100011F079 /* RFFEUtil.cpp in Sources */ = {isa = PBXBuildFile; fileRef = CDA1831219478B100011F079 /* RFFEUtil.cpp */; };
		CDA1831D19478B100011F079 /* RFFEUtil.h in Headers */ = {isa = PBXBuildFile; fileRef = CDA1831319478B100011F079 /* RFFEUtil.h */; };
		CDA1831F19478B8C0011F079 /* libAnalyzer.dylib in Frameworks */ = {isa = PBXBuildFile; fileRef = CDA1831E19478B8C0011F079 /* libAnalyzer.dylib */; };
/* End PBXBuildFile section */

/* Begin PBXFileReference section */
		CDA1830319478ADD0011F079 /* libRFFEAnalyzer.dylib */ = {isa = PBXFileReference; explicitFileType = "compiled.mach-o.dylib"; includeInIndex = 0; path = libRFFEAnalyzer.dylib; sourceTree = BUILT_PRODUCTS_DIR; };
		CDA1830A19478B100011F079 /* RFFEAnalyzer.cpp */ = {isa = PBXFileReference; fileEncoding = 4; lastKnownFileType = sourcecode.cpp.cpp; name = RFFEAnalyzer.cpp; path = source/RFFEAnalyzer.cpp; sourceTree = "<group>"; };
		CDA1830B19478B100011F079 /* RFFEAnalyzer.h */ = {isa = PBXFileReference; fileEncoding = 4; lastKnownFileType = sourcecode.c.h; name = RFFEAnalyzer.h; path = source/RFFEAnalyzer.h; sourceTree = "<group>"; };
		CDA1830C19478B100011F079 /* RFFEAnalyzerResults.cpp */ = {isa = PBXFileReference; fileEncoding = 4; lastKnownFileType = sourcecode.cpp.cpp; name = RFFEAnalyzerResults.cpp; path = source/RFFEAnalyzerResults.cpp; sourceTree = "<group>"; };
		CDA1830D19478B100011F079 /* RFFEAnalyzerResults.h */ = {isa = PBXFileReference; fileEncoding = 4; lastKnownFileType = sourcecode.c.h; name = RFFEAnalyzerResults.h; path = source/RFFEAnalyzerResults.h; sourceTree = "<group>"; };
		CDA1830E19478B100011F079 /* RFFEAnalyzerSettings.cpp */ = {isa = PBXFileReference; fileEncoding = 4; lastKnownFileType = sourcecode.cpp.cpp; name = RFFEAnalyzerSettings.cpp; path = source/RFFEAnalyzerSettings.cpp; sourceTree = "<group>"; };
		CDA1830F19478B100011F079 /* RFFEAnalyzerSettings.h */ = {isa = PBXFileReference; fileEncoding = 4; lastKnownFileType = sourcecode.c.h; name = RFFEAnalyzerSettings.h; path = source/RFFEAnalyzerSettings.h; sourceTree = "<group>"; };
		CDA1831019478B100011F079 /* RFFESimulationDataGenerator.cpp */ = {isa = PBXFileReference; fileEncoding = 4; lastKnownFileType = sourcecode.cpp.cpp; name = RFFESimulationDataGenerator.cpp; path = source/RFFESimulationDataGenerator.cpp; sourceTree = "<group>"; };
		CDA1831119478B100011F079 /* RFFESimulationDataGenerator.h */ = {isa = PBXFileReference; fileEncoding = 4; lastKnownFileType = sourcecode.c.h; name = RFFESimulationDataGenerator.h; path = source/RFFESimulationDataGenerator.h; sourceTree = "<group>"; };
		CDA1831219478B100011F079 /* RFFEUtil.cpp */ = {isa = PBXFileReference; fileEncoding = 4; lastKnownFileType = sourcecode.cpp.cpp; name = RFFEUtil.cpp; path = source/RFFEUtil.cpp; sourceTree = "<group>"; };
		CDA1831319478B100011F079 /* RFFEUtil.h */ = {isa = PBXFileReference; fileEncoding = 4; lastKnownFileType = sourcecode.c.h; name = RFFEUtil.h; path = source/RFFEUtil.h; sourceTree = "<group>"; };
		CDA1831E19478B8C0011F079 /* libAnalyzer.dylib */ = {isa = PBXFileReference; lastKnownFileType = "compiled.mach-o.dylib"; name = libAnalyzer.dylib; path = ../lib/libAnalyzer.dylib; sourceTree = "<group>"; };
/* End PBXFileReference section */

/* Begin PBXFrameworksBuildPhase section */
		CDA1830019478ADD0011F079 /* Frameworks */ = {
			isa = PBXFrameworksBuildPhase;
			buildActionMask = 2147483647;
			files = (
				CDA1831F19478B8C0011F079 /* libAnalyzer.dylib in Frameworks */,
			);
			runOnlyForDeploymentPostprocessing = 0;
		};
/* End PBXFrameworksBuildPhase section */

/* Begin PBXGroup section */
		CDA182FA19478ADD0011F079 = {
			isa = PBXGroup;
			children = (
				CDA1831E19478B8C0011F079 /* libAnalyzer.dylib */,
				CDA1830A19478B100011F079 /* RFFEAnalyzer.cpp */,
				CDA1830B19478B100011F079 /* RFFEAnalyzer.h */,
				CDA1830C19478B100011F079 /* RFFEAnalyzerResults.cpp */,
				CDA1830D19478B100011F079 /* RFFEAnalyzerResults.h */,
				CDA1830E19478B100011F079 /* RFFEAnalyzerSettings.cpp */,
				CDA1830F19478B100011F079 /* RFFEAnalyzerSettings.h */,
				CDA1831019478B100011F079 /* RFFESimulationDataGenerator.cpp */,
				CDA1831119478B100011F079 /* RFFESimulationDataGenerator.h */,
				CDA1831219478B100011F079 /* RFFEUtil.cpp */,
				CDA1831319478B100011F079 /* RFFEUtil.h */,
				CDA1830419478ADD0011F079 /* Products */,
			);
			sourceTree = "<group>";
		};
		CDA1830419478ADD0011F079 /* Products */ = {
			isa = PBXGroup;
			children = (
				CDA1830319478ADD0011F079 /* libRFFEAnalyzer.dylib */,
			);
			name = Products;
			sourceTree = "<group>";
		};
/* End PBXGroup section */

/* Begin PBXHeadersBuildPhase section */
		CDA1830119478ADD0011F079 /* Headers */ = {
			isa = PBXHeadersBuildPhase;
			buildActionMask = 2147483647;
			files = (
				CDA1831B19478B100011F079 /* RFFESimulationDataGenerator.h in Headers */,
				CDA1831919478B100011F079 /* RFFEAnalyzerSettings.h in Headers */,
				CDA1831D19478B100011F079 /* RFFEUtil.h in Headers */,
				CDA1831719478B100011F079 /* RFFEAnalyzerResults.h in Headers */,
				CDA1831519478B100011F079 /* RFFEAnalyzer.h in Headers */,
			);
			runOnlyForDeploymentPostprocessing = 0;
		};
/* End PBXHeadersBuildPhase section */

/* Begin PBXNativeTarget section */
		CDA1830219478ADD0011F079 /* RFFEAnalyzer */ = {
			isa = PBXNativeTarget;
			buildConfigurationList = CDA1830719478ADD0011F079 /* Build configuration list for PBXNativeTarget "RFFEAnalyzer" */;
			buildPhases = (
				CDA182FF19478ADD0011F079 /* Sources */,
				CDA1830019478ADD0011F079 /* Frameworks */,
				CDA1830119478ADD0011F079 /* Headers */,
			);
			buildRules = (
			);
			dependencies = (
			);
			name = RFFEAnalyzer;
			productName = RFFEAnalyzer;
			productReference = CDA1830319478ADD0011F079 /* libRFFEAnalyzer.dylib */;
			productType = "com.apple.product-type.library.dynamic";
		};
/* End PBXNativeTarget section */

/* Begin PBXProject section */
		CDA182FB19478ADD0011F079 /* Project object */ = {
			isa = PBXProject;
			attributes = {
				LastUpgradeCheck = 0510;
				ORGANIZATIONNAME = __R2SEMI__;
			};
			buildConfigurationList = CDA182FE19478ADD0011F079 /* Build configuration list for PBXProject "RFFEAnalyzer" */;
			compatibilityVersion = "Xcode 3.2";
			developmentRegion = English;
			hasScannedForEncodings = 0;
			knownRegions = (
				en,
			);
			mainGroup = CDA182FA19478ADD0011F079;
			productRefGroup = CDA1830419478ADD0011F079 /* Products */;
			projectDirPath = "";
			projectRoot = "";
			targets = (
				CDA1830219478ADD0011F079 /* RFFEAnalyzer */,
			);
		};
/* End PBXProject section */

/* Begin PBXSourcesBuildPhase section */
		CDA182FF19478ADD0011F079 /* Sources */ = {
			isa = PBXSourcesBuildPhase;
			buildActionMask = 2147483647;
			files = (
				CDA1831819478B100011F079 /* RFFEAnalyzerSettings.cpp in Sources */,
				CDA1831A19478B100011F079 /* RFFESimulationDataGenerator.cpp in Sources */,
				CDA1831419478B100011F079 /* RFFEAnalyzer.cpp in Sources */,
				CDA1831C19478B100011F079 /* RFFEUtil.cpp in Sources */,
				CDA1831619478B100011F079 /* RFFEAnalyzerResults.cpp in Sources */,
			);
			runOnlyForDeploymentPostprocessing = 0;
		};
/* End PBXSourcesBuildPhase section */

/* Begin XCBuildConfiguration section */
		CDA1830519478ADD0011F079 /* Debug */ = {
			isa = XCBuildConfiguration;
			buildSettings = {
				ALWAYS_SEARCH_USER_PATHS = NO;
				CLANG_CXX_LANGUAGE_STANDARD = "gnu++0x";
				CLANG_CXX_LIBRARY = "libc++";
				CLANG_ENABLE_MODULES = YES;
				CLANG_ENABLE_OBJC_ARC = YES;
				CLANG_WARN_BOOL_CONVERSION = YES;
				CLANG_WARN_CONSTANT_CONVERSION = YES;
				CLANG_WARN_DIRECT_OBJC_ISA_USAGE = YES_ERROR;
				CLANG_WARN_EMPTY_BODY = YES;
				CLANG_WARN_ENUM_CONVERSION = YES;
				CLANG_WARN_INT_CONVERSION = YES;
				CLANG_WARN_OBJC_ROOT_CLASS = YES_ERROR;
				CLANG_WARN__DUPLICATE_METHOD_MATCH = YES;
				COPY_PHASE_STRIP = NO;
				GCC_C_LANGUAGE_STANDARD = gnu99;
				GCC_DYNAMIC_NO_PIC = NO;
				GCC_ENABLE_OBJC_EXCEPTIONS = YES;
				GCC_OPTIMIZATION_LEVEL = 0;
				GCC_PREPROCESSOR_DEFINITIONS = (
					"DEBUG=1",
					"$(inherited)",
				);
				GCC_SYMBOLS_PRIVATE_EXTERN = NO;
				GCC_WARN_64_TO_32_BIT_CONVERSION = YES;
				GCC_WARN_ABOUT_RETURN_TYPE = YES_ERROR;
				GCC_WARN_UNDECLARED_SELECTOR = YES;
				GCC_WARN_UNINITIALIZED_AUTOS = YES_AGGRESSIVE;
				GCC_WARN_UNUSED_FUNCTION = YES;
				GCC_WARN_UNUSED_VARIABLE = YES;
				MACOSX_DEPLOYMENT_TARGET = 10.9;
				ONLY_ACTIVE_ARCH = YES;
				SDKROOT = macosx;
			};
			name = Debug;
		};
		CDA1830619478ADD0011F079 /* Release */ = {
			isa = XCBuildConfiguration;
			buildSettings = {
				ALWAYS_SEARCH_USER_PATHS = NO;
				CLANG_CXX_LANGUAGE_STANDARD = "gnu++0x";
				CLANG_CXX_LIBRARY = "libc++";
				CLANG_ENABLE_MODULES = YES;
				CLANG_ENABLE_OBJC_ARC = YES;
				CLANG_WARN_BOOL_CONVERSION = YES;
				CLANG_WARN_CONSTANT_CONVERSION = YES;
				CLANG_WARN_DIRECT_OBJC_ISA_USAGE = YES_ERROR;
				CLANG_WARN_EMPTY_BODY = YES;
				CLANG_WARN_ENUM_CONVERSION = YES;
				CLANG_WARN_INT_CONVERSION = YES;
				CLANG_WARN_OBJC_ROOT_CLASS = YES_ERROR;
				CLANG_WARN__DUPLICATE_METHOD_MATCH = YES;
				COPY_PHASE_STRIP = YES;
				DEBUG_INFORMATION_FORMAT = "dwarf-with-dsym";
				ENABLE_NS_ASSERTIONS = NO;
				GCC_C_LANGUAGE_STANDARD = gnu99;
				GCC_ENABLE_OBJC_EXCEPTIONS = YES;
				GCC_WARN_64_TO_32_BIT_CONVERSION = YES;
				GCC_WARN_ABOUT_RETURN_TYPE = YES_ERROR;
				GCC_WARN_UNDECLARED_SELECTOR = YES;
				GCC_WARN_UNINITIALIZED_AUTOS = YES_AGGRESSIVE;
				GCC_WARN_UNUSED_FUNCTION = YES;
				GCC_WARN_UNUSED_VARIABLE = YES;
				MACOSX_DEPLOYMENT_TARGET = 10.9;
				SDKROOT = macosx;
			};
			name = Release;
		};
		CDA1830819478ADD0011F079 /* Debug */ = {
			isa = XCBuildConfiguration;
			buildSettings = {
				ARCHS = "$(ARCHS_STANDARD_32_BIT)";
				EXECUTABLE_PREFIX = lib;
				HEADER_SEARCH_PATHS = (
					"$(inherited)",
					"../SaleaeAnalyzerSdk/include",
					/Applications/Xcode.app/Contents/Developer/Toolchains/XcodeDefault.xctoolchain/usr/include,
				);
				LIBRARY_SEARCH_PATHS = (
					"../SaleaeAnalyzerSdk/lib",
					"$(inherited)",
				);
				PRIVATE_HEADERS_FOLDER_PATH = /usr/local/lib;
				PRODUCT_NAME = "$(TARGET_NAME)";
				PUBLIC_HEADERS_FOLDER_PATH = /usr/local/lib;
			};
			name = Debug;
		};
		CDA1830919478ADD0011F079 /* Release */ = {
			isa = XCBuildConfiguration;
			buildSettings = {
				ARCHS = "$(ARCHS_STANDARD_32_BIT)";
				EXECUTABLE_PREFIX = lib;
				HEADER_SEARCH_PATHS = (
					"$(inherited)",
					"../SaleaeAnalyzerSdk/include",
					/Applications/Xcode.app/Contents/Developer/Toolchains/XcodeDefault.xctoolchain/usr/include,
				);
				LIBRARY_SEARCH_PATHS = (
					"../SaleaeAnalyzerSdk/lib",
					"$(inherited)",
				);
				ONLY_ACTIVE_ARCH = YES;
				PRIVATE_HEADERS_FOLDER_PATH = /usr/local/lib;
				PRODUCT_NAME = "$(TARGET_NAME)";
				PUBLIC_HEADERS_FOLDER_PATH = /usr/local/lib;
			};
			name = Release;
		};
/* End XCBuildConfiguration section */

/* Begin XCConfigurationList section */
		CDA182FE19478ADD0011F079 /* Build configuration list for PBXProject "RFFEAnalyzer" */ = {
			isa = XCConfigurationList;
			buildConfigurations = (
				CDA1830519478ADD0011F079 /* Debug */,
				CDA1830619478ADD0011F079 /* Release */,
			);
			defaultConfigurationIsVisible = 0;
			defaultConfigurationName = Release;
		};
		CDA1830719478ADD0011F079 /* Build configuration list for PBXNativeTarget "RFFEAnalyzer" */ = {
			isa = XCConfigurationList;
			buildConfigurations = (
				CDA1830819478ADD0011F079 /* Debug */,
				CDA1830919478ADD0011F079 /* Release */,
			);
			defaultConfigurationIsVisible = 0;
			defaultConfigurationName = Release;
		};
/* End XCConfigurationList section */
	};
	rootObject = CDA182FB19478ADD0011F079 /* Project object */;
}
